
Microsoft Visual Studio Solution File, Format Version 12.00
# Visual Studio Version 17
VisualStudioVersion = 17.14.36327.8
MinimumVisualStudioVersion = 10.0.40219.1
Project("{FAE04EC0-301F-11D3-BF4B-00C04F79EFBC}") = "Client", "Client\Client.csproj", "{7B10CD68-D910-45E6-A205-EC0BE4CCF323}"
EndProject
Project("{FAE04EC0-301F-11D3-BF4B-00C04F79EFBC}") = "Logic", "Logic\Logic.csproj", "{1C59BA1A-904B-43AA-90B3-884E449FA16E}"
EndProject
Project("{FAE04EC0-301F-11D3-BF4B-00C04F79EFBC}") = "Test", "Test\Test.csproj", "{6F49ED9B-326E-4AA9-9333-5D13C8F7B2DD}"
EndProject
Global
	GlobalSection(SolutionConfigurationPlatforms) = preSolution
		Debug|Any CPU = Debug|Any CPU
		Release|Any CPU = Release|Any CPU
	EndGlobalSection
	GlobalSection(ProjectConfigurationPlatforms) = postSolution
		{7B10CD68-D910-45E6-A205-EC0BE4CCF323}.Debug|Any CPU.ActiveCfg = Debug|Any CPU
		{7B10CD68-D910-45E6-A205-EC0BE4CCF323}.Debug|Any CPU.Build.0 = Debug|Any CPU
		{7B10CD68-D910-45E6-A205-EC0BE4CCF323}.Release|Any CPU.ActiveCfg = Release|Any CPU
		{7B10CD68-D910-45E6-A205-EC0BE4CCF323}.Release|Any CPU.Build.0 = Release|Any CPU
		{1C59BA1A-904B-43AA-90B3-884E449FA16E}.Debug|Any CPU.ActiveCfg = Debug|Any CPU
		{1C59BA1A-904B-43AA-90B3-884E449FA16E}.Debug|Any CPU.Build.0 = Debug|Any CPU
		{1C59BA1A-904B-43AA-90B3-884E449FA16E}.Release|Any CPU.ActiveCfg = Release|Any CPU
		{1C59BA1A-904B-43AA-90B3-884E449FA16E}.Release|Any CPU.Build.0 = Release|Any CPU
		{6F49ED9B-326E-4AA9-9333-5D13C8F7B2DD}.Debug|Any CPU.ActiveCfg = Debug|Any CPU
		{6F49ED9B-326E-4AA9-9333-5D13C8F7B2DD}.Debug|Any CPU.Build.0 = Debug|Any CPU
		{6F49ED9B-326E-4AA9-9333-5D13C8F7B2DD}.Release|Any CPU.ActiveCfg = Release|Any CPU
		{6F49ED9B-326E-4AA9-9333-5D13C8F7B2DD}.Release|Any CPU.Build.0 = Release|Any CPU
	EndGlobalSection
	GlobalSection(SolutionProperties) = preSolution
		HideSolutionNode = FALSE
	EndGlobalSection
	GlobalSection(ExtensibilityGlobals) = postSolution
		SolutionGuid = {AC1BAE1F-FB09-40EA-AB11-BA6CE1481D30}
	EndGlobalSection
EndGlobal
